
Microsoft Visual Studio Solution File, Format Version 12.00
# Visual Studio 15
VisualStudioVersion = 15.0.27130.2024
MinimumVisualStudioVersion = 10.0.40219.1
Project("{FAE04EC0-301F-11D3-BF4B-00C04F79EFBC}") = "PALBBR", "PALBBR\PALBBR.csproj", "{D41A8E6F-5CE9-4BDA-85DF-4CF7CED9DCD3}"
EndProject
Global
	GlobalSection(SolutionConfigurationPlatforms) = preSolution
		Debug|Any CPU = Debug|Any CPU
		Release|Any CPU = Release|Any CPU
	EndGlobalSection
	GlobalSection(ProjectConfigurationPlatforms) = postSolution
		{D41A8E6F-5CE9-4BDA-85DF-4CF7CED9DCD3}.Debug|Any CPU.ActiveCfg = Debug|Any CPU
		{D41A8E6F-5CE9-4BDA-85DF-4CF7CED9DCD3}.Debug|Any CPU.Build.0 = Debug|Any CPU
		{D41A8E6F-5CE9-4BDA-85DF-4CF7CED9DCD3}.Release|Any CPU.ActiveCfg = Release|Any CPU
		{D41A8E6F-5CE9-4BDA-85DF-4CF7CED9DCD3}.Release|Any CPU.Build.0 = Release|Any CPU
	EndGlobalSection
	GlobalSection(SolutionProperties) = preSolution
		HideSolutionNode = FALSE
	EndGlobalSection
	GlobalSection(ExtensibilityGlobals) = postSolution
		SolutionGuid = {CC88E397-DD5F-448F-A9C9-D766B88E241E}
	EndGlobalSection
EndGlobal
